
Microsoft Visual Studio Solution File, Format Version 12.00
# Visual Studio Version 16
VisualStudioVersion = 16.0.30611.23
MinimumVisualStudioVersion = 10.0.40219.1
Project("{8BC9CEB8-8B4A-11D0-8D11-00A0C91BC942}") = "Sommer_Module3Activity2", "Sommer_Module3Activity2.vcxproj", "{67073029-EE82-4CA8-B3F2-4F06978077B4}"
EndProject
Global
	GlobalSection(SolutionConfigurationPlatforms) = preSolution
		Debug|x64 = Debug|x64
		Debug|x86 = Debug|x86
		Release|x64 = Release|x64
		Release|x86 = Release|x86
	EndGlobalSection
	GlobalSection(ProjectConfigurationPlatforms) = postSolution
		{67073029-EE82-4CA8-B3F2-4F06978077B4}.Debug|x64.ActiveCfg = Debug|x64
		{67073029-EE82-4CA8-B3F2-4F06978077B4}.Debug|x64.Build.0 = Debug|x64
		{67073029-EE82-4CA8-B3F2-4F06978077B4}.Debug|x86.ActiveCfg = Debug|Win32
		{67073029-EE82-4CA8-B3F2-4F06978077B4}.Debug|x86.Build.0 = Debug|Win32
		{67073029-EE82-4CA8-B3F2-4F06978077B4}.Release|x64.ActiveCfg = Release|x64
		{67073029-EE82-4CA8-B3F2-4F06978077B4}.Release|x64.Build.0 = Release|x64
		{67073029-EE82-4CA8-B3F2-4F06978077B4}.Release|x86.ActiveCfg = Release|Win32
		{67073029-EE82-4CA8-B3F2-4F06978077B4}.Release|x86.Build.0 = Release|Win32
	EndGlobalSection
	GlobalSection(SolutionProperties) = preSolution
		HideSolutionNode = FALSE
	EndGlobalSection
	GlobalSection(ExtensibilityGlobals) = postSolution
		SolutionGuid = {4DECB316-1B03-4363-BB62-9B58A4C5C35C}
	EndGlobalSection
EndGlobal
