
Microsoft Visual Studio Solution File, Format Version 12.00
# Visual Studio Version 16
VisualStudioVersion = 16.0.30621.155
MinimumVisualStudioVersion = 10.0.40219.1
Project("{8BC9CEB8-8B4A-11D0-8D11-00A0C91BC942}") = "Sommer_Module4Activity1", "Sommer_Module4Activity1.vcxproj", "{056C5EA9-13C4-4255-ADA5-DB1077130EA8}"
EndProject
Global
	GlobalSection(SolutionConfigurationPlatforms) = preSolution
		Debug|x64 = Debug|x64
		Debug|x86 = Debug|x86
		Release|x64 = Release|x64
		Release|x86 = Release|x86
	EndGlobalSection
	GlobalSection(ProjectConfigurationPlatforms) = postSolution
		{056C5EA9-13C4-4255-ADA5-DB1077130EA8}.Debug|x64.ActiveCfg = Debug|x64
		{056C5EA9-13C4-4255-ADA5-DB1077130EA8}.Debug|x64.Build.0 = Debug|x64
		{056C5EA9-13C4-4255-ADA5-DB1077130EA8}.Debug|x86.ActiveCfg = Debug|Win32
		{056C5EA9-13C4-4255-ADA5-DB1077130EA8}.Debug|x86.Build.0 = Debug|Win32
		{056C5EA9-13C4-4255-ADA5-DB1077130EA8}.Release|x64.ActiveCfg = Release|x64
		{056C5EA9-13C4-4255-ADA5-DB1077130EA8}.Release|x64.Build.0 = Release|x64
		{056C5EA9-13C4-4255-ADA5-DB1077130EA8}.Release|x86.ActiveCfg = Release|Win32
		{056C5EA9-13C4-4255-ADA5-DB1077130EA8}.Release|x86.Build.0 = Release|Win32
	EndGlobalSection
	GlobalSection(SolutionProperties) = preSolution
		HideSolutionNode = FALSE
	EndGlobalSection
	GlobalSection(ExtensibilityGlobals) = postSolution
		SolutionGuid = {39064152-4405-4A26-83A4-E1A9E4415DD5}
	EndGlobalSection
EndGlobal
